
Microsoft Visual Studio Solution File, Format Version 12.00
# Visual Studio 14
VisualStudioVersion = 14.0.25420.1
MinimumVisualStudioVersion = 10.0.40219.1
Project("{FAE04EC0-301F-11D3-BF4B-00C04F79EFBC}") = "HaveIBeenPwned", "HaveIBeenPwned\HaveIBeenPwned.csproj", "{185AC93C-BF8E-4D41-B6ED-C66839A3512D}"
EndProject
Project("{FAE04EC0-301F-11D3-BF4B-00C04F79EFBC}") = "keepass2-developerextensions", "keepass2-developerextensions\keepass2-developerextensions\keepass2-developerextensions.csproj", "{5F46D79A-C383-41F0-9C77-49381D4EB002}"
EndProject
Global
	GlobalSection(SolutionConfigurationPlatforms) = preSolution
		Debug|Any CPU = Debug|Any CPU
		Release|Any CPU = Release|Any CPU
		ReleasePlgx|Any CPU = ReleasePlgx|Any CPU
	EndGlobalSection
	GlobalSection(ProjectConfigurationPlatforms) = postSolution
		{185AC93C-BF8E-4D41-B6ED-C66839A3512D}.Debug|Any CPU.ActiveCfg = Debug|Any CPU
		{185AC93C-BF8E-4D41-B6ED-C66839A3512D}.Debug|Any CPU.Build.0 = Debug|Any CPU
		{185AC93C-BF8E-4D41-B6ED-C66839A3512D}.Release|Any CPU.ActiveCfg = Release|Any CPU
		{185AC93C-BF8E-4D41-B6ED-C66839A3512D}.Release|Any CPU.Build.0 = Release|Any CPU
		{185AC93C-BF8E-4D41-B6ED-C66839A3512D}.ReleasePlgx|Any CPU.ActiveCfg = ReleasePlgx|Any CPU
		{185AC93C-BF8E-4D41-B6ED-C66839A3512D}.ReleasePlgx|Any CPU.Build.0 = ReleasePlgx|Any CPU
		{5F46D79A-C383-41F0-9C77-49381D4EB002}.Debug|Any CPU.ActiveCfg = Debug|Any CPU
		{5F46D79A-C383-41F0-9C77-49381D4EB002}.Debug|Any CPU.Build.0 = Debug|Any CPU
		{5F46D79A-C383-41F0-9C77-49381D4EB002}.Release|Any CPU.ActiveCfg = Release|Any CPU
		{5F46D79A-C383-41F0-9C77-49381D4EB002}.Release|Any CPU.Build.0 = Release|Any CPU
		{5F46D79A-C383-41F0-9C77-49381D4EB002}.ReleasePlgx|Any CPU.ActiveCfg = ReleasePlgx|Any CPU
		{5F46D79A-C383-41F0-9C77-49381D4EB002}.ReleasePlgx|Any CPU.Build.0 = ReleasePlgx|Any CPU
	EndGlobalSection
	GlobalSection(SolutionProperties) = preSolution
		HideSolutionNode = FALSE
	EndGlobalSection
EndGlobal
